
Microsoft Visual Studio Solution File, Format Version 12.00
# Visual Studio Version 16
VisualStudioVersion = 16.0.32929.386
MinimumVisualStudioVersion = 10.0.40219.1
Project("{9A19103F-16F7-4668-BE54-9A1E7A4F7556}") = "areaPerimeter", "areaPerimeter.csproj", "{94E86B7F-C81D-4023-93BC-DB8915E2D2E6}"
EndProject
Global
	GlobalSection(SolutionConfigurationPlatforms) = preSolution
		Debug|Any CPU = Debug|Any CPU
		Release|Any CPU = Release|Any CPU
	EndGlobalSection
	GlobalSection(ProjectConfigurationPlatforms) = postSolution
		{94E86B7F-C81D-4023-93BC-DB8915E2D2E6}.Debug|Any CPU.ActiveCfg = Debug|Any CPU
		{94E86B7F-C81D-4023-93BC-DB8915E2D2E6}.Debug|Any CPU.Build.0 = Debug|Any CPU
		{94E86B7F-C81D-4023-93BC-DB8915E2D2E6}.Release|Any CPU.ActiveCfg = Release|Any CPU
		{94E86B7F-C81D-4023-93BC-DB8915E2D2E6}.Release|Any CPU.Build.0 = Release|Any CPU
	EndGlobalSection
	GlobalSection(SolutionProperties) = preSolution
		HideSolutionNode = FALSE
	EndGlobalSection
	GlobalSection(ExtensibilityGlobals) = postSolution
		SolutionGuid = {98E56062-CE58-4D21-BFB3-F4FFA74D46F4}
	EndGlobalSection
EndGlobal
